
Microsoft Visual Studio Solution File, Format Version 12.00
# Visual Studio Version 17
VisualStudioVersion = 17.7.34031.279
MinimumVisualStudioVersion = 10.0.40219.1
Project("{9A19103F-16F7-4668-BE54-9A1E7A4F7556}") = "RdlcWebApi", "RdlcWebApi\RdlcWebApi.csproj", "{7F80D5C0-04F4-4B2E-A04A-7778300E0FB0}"
EndProject
Project("{9A19103F-16F7-4668-BE54-9A1E7A4F7556}") = "LPGxWebApi", "LPGxWebApi\LPGxWebApi.csproj", "{F15B56C4-C6DC-45BB-B69F-9D50DB71FBB9}"
EndProject
Project("{9A19103F-16F7-4668-BE54-9A1E7A4F7556}") = "LPGxWebApp", "LPGxWebApp\LPGxWebApp.csproj", "{95557688-A9BE-4995-A77E-69CF5D19D937}"
EndProject
Global
	GlobalSection(SolutionConfigurationPlatforms) = preSolution
		Debug|Any CPU = Debug|Any CPU
		Release|Any CPU = Release|Any CPU
	EndGlobalSection
	GlobalSection(ProjectConfigurationPlatforms) = postSolution
		{7F80D5C0-04F4-4B2E-A04A-7778300E0FB0}.Debug|Any CPU.ActiveCfg = Debug|Any CPU
		{7F80D5C0-04F4-4B2E-A04A-7778300E0FB0}.Debug|Any CPU.Build.0 = Debug|Any CPU
		{7F80D5C0-04F4-4B2E-A04A-7778300E0FB0}.Release|Any CPU.ActiveCfg = Release|Any CPU
		{7F80D5C0-04F4-4B2E-A04A-7778300E0FB0}.Release|Any CPU.Build.0 = Release|Any CPU		
		{F15B56C4-C6DC-45BB-B69F-9D50DB71FBB9}.Debug|Any CPU.ActiveCfg = Debug|Any CPU
		{F15B56C4-C6DC-45BB-B69F-9D50DB71FBB9}.Debug|Any CPU.Build.0 = Debug|Any CPU
		{F15B56C4-C6DC-45BB-B69F-9D50DB71FBB9}.Release|Any CPU.ActiveCfg = Release|Any CPU
		{F15B56C4-C6DC-45BB-B69F-9D50DB71FBB9}.Release|Any CPU.Build.0 = Release|Any CPU		
		{95557688-A9BE-4995-A77E-69CF5D19D937}.Debug|Any CPU.ActiveCfg = Debug|Any CPU
		{95557688-A9BE-4995-A77E-69CF5D19D937}.Debug|Any CPU.Build.0 = Debug|Any CPU
		{95557688-A9BE-4995-A77E-69CF5D19D937}.Release|Any CPU.ActiveCfg = Release|Any CPU
		{95557688-A9BE-4995-A77E-69CF5D19D937}.Release|Any CPU.Build.0 = Release|Any CPU
	EndGlobalSection
	GlobalSection(SolutionProperties) = preSolution
		HideSolutionNode = FALSE
	EndGlobalSection
	GlobalSection(ExtensibilityGlobals) = postSolution
		SolutionGuid = {9C917783-CBD7-499D-B267-F3252D71C73B}
	EndGlobalSection
EndGlobal
